# This file is automatically @generated by Cargo.
# It is not intended for manual editing.
version = 4

[[package]]
name = "markov2"
version = "0.1.0"
dependencies = [
 "wyrand",
]

[[package]]
name = "rand_core"
version = "0.10.1"
source = "registry+https://github.com/rust-lang/crates.io-index"
checksum = "63b8176103e19a2643978565ca18b50549f6101881c443590420e4dc998a3c69"

[[package]]
name = "wyrand"
version = "0.4.1"
source = "registry+https://github.com/rust-lang/crates.io-index"
checksum = "b5484c3d24f0e2e117d30bce6f8792e193be33e2b6e0b3f8945ccf265c56c6da"
dependencies = [
 "rand_core",
]
